
Microsoft Visual Studio Solution File, Format Version 12.00
# Visual Studio 15
VisualStudioVersion = 15.0.28010.0
MinimumVisualStudioVersion = 10.0.40219.1
Project("{FAE04EC0-301F-11D3-BF4B-00C04F79EFBC}") = "Example1", "Example1\Example1.csproj", "{C55DC683-F1EA-4666-84B0-7B59028DFCB4}"
EndProject
Project("{FAE04EC0-301F-11D3-BF4B-00C04F79EFBC}") = "NN", "NN\NN.csproj", "{4AB9B32B-DD43-42C7-8DAF-8F96391C8808}"
EndProject
Global
	GlobalSection(SolutionConfigurationPlatforms) = preSolution
		Debug|Any CPU = Debug|Any CPU
		Release|Any CPU = Release|Any CPU
	EndGlobalSection
	GlobalSection(ProjectConfigurationPlatforms) = postSolution
		{C55DC683-F1EA-4666-84B0-7B59028DFCB4}.Debug|Any CPU.ActiveCfg = Debug|Any CPU
		{C55DC683-F1EA-4666-84B0-7B59028DFCB4}.Debug|Any CPU.Build.0 = Debug|Any CPU
		{C55DC683-F1EA-4666-84B0-7B59028DFCB4}.Release|Any CPU.ActiveCfg = Release|Any CPU
		{C55DC683-F1EA-4666-84B0-7B59028DFCB4}.Release|Any CPU.Build.0 = Release|Any CPU
		{4AB9B32B-DD43-42C7-8DAF-8F96391C8808}.Debug|Any CPU.ActiveCfg = Debug|Any CPU
		{4AB9B32B-DD43-42C7-8DAF-8F96391C8808}.Debug|Any CPU.Build.0 = Debug|Any CPU
		{4AB9B32B-DD43-42C7-8DAF-8F96391C8808}.Release|Any CPU.ActiveCfg = Release|Any CPU
		{4AB9B32B-DD43-42C7-8DAF-8F96391C8808}.Release|Any CPU.Build.0 = Release|Any CPU
	EndGlobalSection
	GlobalSection(SolutionProperties) = preSolution
		HideSolutionNode = FALSE
	EndGlobalSection
	GlobalSection(ExtensibilityGlobals) = postSolution
		SolutionGuid = {53A61ADB-84DB-4CA4-81F0-9CC985828B30}
	EndGlobalSection
EndGlobal
